// !$*UTF8*$!
{
	archiveVersion = 1;
	classes = {
	};
	objectVersion = 50;
	objects = {

/* Begin PBXBuildFile section */
		DA16173121C9D91F00A76110 /* AppDelegate.swift in Sources */ = {isa = PBXBuildFile; fileRef = DA16173021C9D91F00A76110 /* AppDelegate.swift */; };
		DA16173321C9D91F00A76110 /* ViewController.swift in Sources */ = {isa = PBXBuildFile; fileRef = DA16173221C9D91F00A76110 /* ViewController.swift */; };
		DA16173621C9D91F00A76110 /* Main.storyboard in Resources */ = {isa = PBXBuildFile; fileRef = DA16173421C9D91F00A76110 /* Main.storyboard */; };
		DA16173821C9D92100A76110 /* Assets.xcassets in Resources */ = {isa = PBXBuildFile; fileRef = DA16173721C9D92100A76110 /* Assets.xcassets */; };
		DA16173B21C9D92100A76110 /* LaunchScreen.storyboard in Resources */ = {isa = PBXBuildFile; fileRef = DA16173921C9D92100A76110 /* LaunchScreen.storyboard */; };
		DA21984721CB2C6A00F92A55 /* WithButtonTableViewCell.swift in Sources */ = {isa = PBXBuildFile; fileRef = DA21984621CB2C6A00F92A55 /* WithButtonTableViewCell.swift */; };
		DA21984921CB2C7B00F92A55 /* NoButtonTableViewCell.swift in Sources */ = {isa = PBXBuildFile; fileRef = DA21984821CB2C7B00F92A55 /* NoButtonTableViewCell.swift */; };
		F7D3DBAE61C3EDBB67C17607 /* Pods_TestTablevIew.framework in Frameworks */ = {isa = PBXBuildFile; fileRef = 6B5A2FD167CD17330C7E05A3 /* Pods_TestTablevIew.framework */; };
/* End PBXBuildFile section */

/* Begin PBXFileReference section */
		6B5A2FD167CD17330C7E05A3 /* Pods_TestTablevIew.framework */ = {isa = PBXFileReference; explicitFileType = wrapper.framework; includeInIndex = 0; path = Pods_TestTablevIew.framework; sourceTree = BUILT_PRODUCTS_DIR; };
		75080212A9349C673503C59C /* Pods-TestTablevIew.debug.xcconfig */ = {isa = PBXFileReference; includeInIndex = 1; lastKnownFileType = text.xcconfig; name = "Pods-TestTablevIew.debug.xcconfig"; path = "Pods/Target Support Files/Pods-TestTablevIew/Pods-TestTablevIew.debug.xcconfig"; sourceTree = "<group>"; };
		DA16172D21C9D91F00A76110 /* TestTablevIew.app */ = {isa = PBXFileReference; explicitFileType = wrapper.application; includeInIndex = 0; path = TestTablevIew.app; sourceTree = BUILT_PRODUCTS_DIR; };
		DA16173021C9D91F00A76110 /* AppDelegate.swift */ = {isa = PBXFileReference; lastKnownFileType = sourcecode.swift; path = AppDelegate.swift; sourceTree = "<group>"; };
		DA16173221C9D91F00A76110 /* ViewController.swift */ = {isa = PBXFileReference; lastKnownFileType = sourcecode.swift; path = ViewController.swift; sourceTree = "<group>"; };
		DA16173521C9D91F00A76110 /* Base */ = {isa = PBXFileReference; lastKnownFileType = file.storyboard; name = Base; path = Base.lproj/Main.storyboard; sourceTree = "<group>"; };
		DA16173721C9D92100A76110 /* Assets.xcassets */ = {isa = PBXFileReference; lastKnownFileType = folder.assetcatalog; path = Assets.xcassets; sourceTree = "<group>"; };
		DA16173A21C9D92100A76110 /* Base */ = {isa = PBXFileReference; lastKnownFileType = file.storyboard; name = Base; path = Base.lproj/LaunchScreen.storyboard; sourceTree = "<group>"; };
		DA16173C21C9D92100A76110 /* Info.plist */ = {isa = PBXFileReference; lastKnownFileType = text.plist.xml; path = Info.plist; sourceTree = "<group>"; };
		DA21984621CB2C6A00F92A55 /* WithButtonTableViewCell.swift */ = {isa = PBXFileReference; lastKnownFileType = sourcecode.swift; path = WithButtonTableViewCell.swift; sourceTree = "<group>"; };
		DA21984821CB2C7B00F92A55 /* NoButtonTableViewCell.swift */ = {isa = PBXFileReference; lastKnownFileType = sourcecode.swift; path = NoButtonTableViewCell.swift; sourceTree = "<group>"; };
		E5DE07EA3FEB66DA70F85B47 /* Pods-TestTablevIew.release.xcconfig */ = {isa = PBXFileReference; includeInIndex = 1; lastKnownFileType = text.xcconfig; name = "Pods-TestTablevIew.release.xcconfig"; path = "Pods/Target Support Files/Pods-TestTablevIew/Pods-TestTablevIew.release.xcconfig"; sourceTree = "<group>"; };
/* End PBXFileReference section */

/* Begin PBXFrameworksBuildPhase section */
		DA16172A21C9D91F00A76110 /* Frameworks */ = {
			isa = PBXFrameworksBuildPhase;
			buildActionMask = 2147483647;
			files = (
				F7D3DBAE61C3EDBB67C17607 /* Pods_TestTablevIew.framework in Frameworks */,
			);
			runOnlyForDeploymentPostprocessing = 0;
		};
/* End PBXFrameworksBuildPhase section */

/* Begin PBXGroup section */
		0835EF565B3A1BD41338DEDF /* Pods */ = {
			isa = PBXGroup;
			children = (
				75080212A9349C673503C59C /* Pods-TestTablevIew.debug.xcconfig */,
				E5DE07EA3FEB66DA70F85B47 /* Pods-TestTablevIew.release.xcconfig */,
			);
			name = Pods;
			sourceTree = "<group>";
		};
		1F51F028040F39AE766B98C0 /* Frameworks */ = {
			isa = PBXGroup;
			children = (
				6B5A2FD167CD17330C7E05A3 /* Pods_TestTablevIew.framework */,
			);
			name = Frameworks;
			sourceTree = "<group>";
		};
		DA16172421C9D91F00A76110 = {
			isa = PBXGroup;
			children = (
				DA16172F21C9D91F00A76110 /* TestTablevIew */,
				DA16172E21C9D91F00A76110 /* Products */,
				0835EF565B3A1BD41338DEDF /* Pods */,
				1F51F028040F39AE766B98C0 /* Frameworks */,
			);
			sourceTree = "<group>";
		};
		DA16172E21C9D91F00A76110 /* Products */ = {
			isa = PBXGroup;
			children = (
				DA16172D21C9D91F00A76110 /* TestTablevIew.app */,
			);
			name = Products;
			sourceTree = "<group>";
		};
		DA16172F21C9D91F00A76110 /* TestTablevIew */ = {
			isa = PBXGroup;
			children = (
				DA16173021C9D91F00A76110 /* AppDelegate.swift */,
				DA16173221C9D91F00A76110 /* ViewController.swift */,
				DA16173421C9D91F00A76110 /* Main.storyboard */,
				DA16173721C9D92100A76110 /* Assets.xcassets */,
				DA16173921C9D92100A76110 /* LaunchScreen.storyboard */,
				DA16173C21C9D92100A76110 /* Info.plist */,
				DA21984621CB2C6A00F92A55 /* WithButtonTableViewCell.swift */,
				DA21984821CB2C7B00F92A55 /* NoButtonTableViewCell.swift */,
			);
			path = TestTablevIew;
			sourceTree = "<group>";
		};
/* End PBXGroup section */

/* Begin PBXNativeTarget section */
		DA16172C21C9D91F00A76110 /* TestTablevIew */ = {
			isa = PBXNativeTarget;
			buildConfigurationList = DA16173F21C9D92100A76110 /* Build configuration list for PBXNativeTarget "TestTablevIew" */;
			buildPhases = (
				0C13DBC1B26955BD7713D6A9 /* [CP] Check Pods Manifest.lock */,
				DA16172921C9D91F00A76110 /* Sources */,
				DA16172A21C9D91F00A76110 /* Frameworks */,
				DA16172B21C9D91F00A76110 /* Resources */,
				BBEB17144A69E9D6BC495CE1 /* [CP] Embed Pods Frameworks */,
			);
			buildRules = (
			);
			dependencies = (
			);
			name = TestTablevIew;
			productName = TestTablevIew;
			productReference = DA16172D21C9D91F00A76110 /* TestTablevIew.app */;
			productType = "com.apple.product-type.application";
		};
/* End PBXNativeTarget section */

/* Begin PBXProject section */
		DA16172521C9D91F00A76110 /* Project object */ = {
			isa = PBXProject;
			attributes = {
				LastSwiftUpdateCheck = 0940;
				LastUpgradeCheck = 0940;
				ORGANIZATIONNAME = "APP技術部-陳冠志";
				TargetAttributes = {
					DA16172C21C9D91F00A76110 = {
						CreatedOnToolsVersion = 9.4.1;
					};
				};
			};
			buildConfigurationList = DA16172821C9D91F00A76110 /* Build configuration list for PBXProject "TestTablevIew" */;
			compatibilityVersion = "Xcode 9.3";
			developmentRegion = en;
			hasScannedForEncodings = 0;
			knownRegions = (
				en,
				Base,
			);
			mainGroup = DA16172421C9D91F00A76110;
			productRefGroup = DA16172E21C9D91F00A76110 /* Products */;
			projectDirPath = "";
			projectRoot = "";
			targets = (
				DA16172C21C9D91F00A76110 /* TestTablevIew */,
			);
		};
/* End PBXProject section */

/* Begin PBXResourcesBuildPhase section */
		DA16172B21C9D91F00A76110 /* Resources */ = {
			isa = PBXResourcesBuildPhase;
			buildActionMask = 2147483647;
			files = (
				DA16173B21C9D92100A76110 /* LaunchScreen.storyboard in Resources */,
				DA16173821C9D92100A76110 /* Assets.xcassets in Resources */,
				DA16173621C9D91F00A76110 /* Main.storyboard in Resources */,
			);
			runOnlyForDeploymentPostprocessing = 0;
		};
/* End PBXResourcesBuildPhase section */

/* Begin PBXShellScriptBuildPhase section */
		0C13DBC1B26955BD7713D6A9 /* [CP] Check Pods Manifest.lock */ = {
			isa = PBXShellScriptBuildPhase;
			buildActionMask = 2147483647;
			files = (
			);
			inputPaths = (
				"${PODS_PODFILE_DIR_PATH}/Podfile.lock",
				"${PODS_ROOT}/Manifest.lock",
			);
			name = "[CP] Check Pods Manifest.lock";
			outputPaths = (
				"$(DERIVED_FILE_DIR)/Pods-TestTablevIew-checkManifestLockResult.txt",
			);
			runOnlyForDeploymentPostprocessing = 0;
			shellPath = /bin/sh;
			shellScript = "diff \"${PODS_PODFILE_DIR_PATH}/Podfile.lock\" \"${PODS_ROOT}/Manifest.lock\" > /dev/null\nif [ $? != 0 ] ; then\n    # print error to STDERR\n    echo \"error: The sandbox is not in sync with the Podfile.lock. Run 'pod install' or update your CocoaPods installation.\" >&2\n    exit 1\nfi\n# This output is used by Xcode 'outputs' to avoid re-running this script phase.\necho \"SUCCESS\" > \"${SCRIPT_OUTPUT_FILE_0}\"\n";
			showEnvVarsInLog = 0;
		};
		BBEB17144A69E9D6BC495CE1 /* [CP] Embed Pods Frameworks */ = {
			isa = PBXShellScriptBuildPhase;
			buildActionMask = 2147483647;
			files = (
			);
			inputPaths = (
				"${SRCROOT}/Pods/Target Support Files/Pods-TestTablevIew/Pods-TestTablevIew-frameworks.sh",
				"${BUILT_PRODUCTS_DIR}/SnapKit/SnapKit.framework",
			);
			name = "[CP] Embed Pods Frameworks";
			outputPaths = (
				"${TARGET_BUILD_DIR}/${FRAMEWORKS_FOLDER_PATH}/SnapKit.framework",
			);
			runOnlyForDeploymentPostprocessing = 0;
			shellPath = /bin/sh;
			shellScript = "\"${SRCROOT}/Pods/Target Support Files/Pods-TestTablevIew/Pods-TestTablevIew-frameworks.sh\"\n";
			showEnvVarsInLog = 0;
		};
/* End PBXShellScriptBuildPhase section */

/* Begin PBXSourcesBuildPhase section */
		DA16172921C9D91F00A76110 /* Sources */ = {
			isa = PBXSourcesBuildPhase;
			buildActionMask = 2147483647;
			files = (
				DA16173321C9D91F00A76110 /* ViewController.swift in Sources */,
				DA16173121C9D91F00A76110 /* AppDelegate.swift in Sources */,
				DA21984921CB2C7B00F92A55 /* NoButtonTableViewCell.swift in Sources */,
				DA21984721CB2C6A00F92A55 /* WithButtonTableViewCell.swift in Sources */,
			);
			runOnlyForDeploymentPostprocessing = 0;
		};
/* End PBXSourcesBuildPhase section */

/* Begin PBXVariantGroup section */
		DA16173421C9D91F00A76110 /* Main.storyboard */ = {
			isa = PBXVariantGroup;
			children = (
				DA16173521C9D91F00A76110 /* Base */,
			);
			name = Main.storyboard;
			sourceTree = "<group>";
		};
		DA16173921C9D92100A76110 /* LaunchScreen.storyboard */ = {
			isa = PBXVariantGroup;
			children = (
				DA16173A21C9D92100A76110 /* Base */,
			);
			name = LaunchScreen.storyboard;
			sourceTree = "<group>";
		};
/* End PBXVariantGroup section */

/* Begin XCBuildConfiguration section */
		DA16173D21C9D92100A76110 /* Debug */ = {
			isa = XCBuildConfiguration;
			buildSettings = {
				ALWAYS_SEARCH_USER_PATHS = NO;
				CLANG_ANALYZER_NONNULL = YES;
				CLANG_ANALYZER_NUMBER_OBJECT_CONVERSION = YES_AGGRESSIVE;
				CLANG_CXX_LANGUAGE_STANDARD = "gnu++14";
				CLANG_CXX_LIBRARY = "libc++";
				CLANG_ENABLE_MODULES = YES;
				CLANG_ENABLE_OBJC_ARC = YES;
				CLANG_ENABLE_OBJC_WEAK = YES;
				CLANG_WARN_BLOCK_CAPTURE_AUTORELEASING = YES;
				CLANG_WARN_BOOL_CONVERSION = YES;
				CLANG_WARN_COMMA = YES;
				CLANG_WARN_CONSTANT_CONVERSION = YES;
				CLANG_WARN_DEPRECATED_OBJC_IMPLEMENTATIONS = YES;
				CLANG_WARN_DIRECT_OBJC_ISA_USAGE = YES_ERROR;
				CLANG_WARN_DOCUMENTATION_COMMENTS = YES;
				CLANG_WARN_EMPTY_BODY = YES;
				CLANG_WARN_ENUM_CONVERSION = YES;
				CLANG_WARN_INFINITE_RECURSION = YES;
				CLANG_WARN_INT_CONVERSION = YES;
				CLANG_WARN_NON_LITERAL_NULL_CONVERSION = YES;
				CLANG_WARN_OBJC_IMPLICIT_RETAIN_SELF = YES;
				CLANG_WARN_OBJC_LITERAL_CONVERSION = YES;
				CLANG_WARN_OBJC_ROOT_CLASS = YES_ERROR;
				CLANG_WARN_RANGE_LOOP_ANALYSIS = YES;
				CLANG_WARN_STRICT_PROTOTYPES = YES;
				CLANG_WARN_SUSPICIOUS_MOVE = YES;
				CLANG_WARN_UNGUARDED_AVAILABILITY = YES_AGGRESSIVE;
				CLANG_WARN_UNREACHABLE_CODE = YES;
				CLANG_WARN__DUPLICATE_METHOD_MATCH = YES;
				CODE_SIGN_IDENTITY = "iPhone Developer";
				COPY_PHASE_STRIP = NO;
				DEBUG_INFORMATION_FORMAT = dwarf;
				ENABLE_STRICT_OBJC_MSGSEND = YES;
				ENABLE_TESTABILITY = YES;
				GCC_C_LANGUAGE_STANDARD = gnu11;
				GCC_DYNAMIC_NO_PIC = NO;
				GCC_NO_COMMON_BLOCKS = YES;
				GCC_OPTIMIZATION_LEVEL = 0;
				GCC_PREPROCESSOR_DEFINITIONS = (
					"DEBUG=1",
					"$(inherited)",
				);
				GCC_WARN_64_TO_32_BIT_CONVERSION = YES;
				GCC_WARN_ABOUT_RETURN_TYPE = YES_ERROR;
				GCC_WARN_UNDECLARED_SELECTOR = YES;
				GCC_WARN_UNINITIALIZED_AUTOS = YES_AGGRESSIVE;
				GCC_WARN_UNUSED_FUNCTION = YES;
				GCC_WARN_UNUSED_VARIABLE = YES;
				IPHONEOS_DEPLOYMENT_TARGET = 11.4;
				MTL_ENABLE_DEBUG_INFO = YES;
				ONLY_ACTIVE_ARCH = YES;
				SDKROOT = iphoneos;
				SWIFT_ACTIVE_COMPILATION_CONDITIONS = DEBUG;
				SWIFT_OPTIMIZATION_LEVEL = "-Onone";
			};
			name = Debug;
		};
		DA16173E21C9D92100A76110 /* Release */ = {
			isa = XCBuildConfiguration;
			buildSettings = {
				ALWAYS_SEARCH_USER_PATHS = NO;
				CLANG_ANALYZER_NONNULL = YES;
				CLANG_ANALYZER_NUMBER_OBJECT_CONVERSION = YES_AGGRESSIVE;
				CLANG_CXX_LANGUAGE_STANDARD = "gnu++14";
				CLANG_CXX_LIBRARY = "libc++";
				CLANG_ENABLE_MODULES = YES;
				CLANG_ENABLE_OBJC_ARC = YES;
				CLANG_ENABLE_OBJC_WEAK = YES;
				CLANG_WARN_BLOCK_CAPTURE_AUTORELEASING = YES;
				CLANG_WARN_BOOL_CONVERSION = YES;
				CLANG_WARN_COMMA = YES;
				CLANG_WARN_CONSTANT_CONVERSION = YES;
				CLANG_WARN_DEPRECATED_OBJC_IMPLEMENTATIONS = YES;
				CLANG_WARN_DIRECT_OBJC_ISA_USAGE = YES_ERROR;
				CLANG_WARN_DOCUMENTATION_COMMENTS = YES;
				CLANG_WARN_EMPTY_BODY = YES;
				CLANG_WARN_ENUM_CONVERSION = YES;
				CLANG_WARN_INFINITE_RECURSION = YES;
				CLANG_WARN_INT_CONVERSION = YES;
				CLANG_WARN_NON_LITERAL_NULL_CONVERSION = YES;
				CLANG_WARN_OBJC_IMPLICIT_RETAIN_SELF = YES;
				CLANG_WARN_OBJC_LITERAL_CONVERSION = YES;
				CLANG_WARN_OBJC_ROOT_CLASS = YES_ERROR;
				CLANG_WARN_RANGE_LOOP_ANALYSIS = YES;
				CLANG_WARN_STRICT_PROTOTYPES = YES;
				CLANG_WARN_SUSPICIOUS_MOVE = YES;
				CLANG_WARN_UNGUARDED_AVAILABILITY = YES_AGGRESSIVE;
				CLANG_WARN_UNREACHABLE_CODE = YES;
				CLANG_WARN__DUPLICATE_METHOD_MATCH = YES;
				CODE_SIGN_IDENTITY = "iPhone Developer";
				COPY_PHASE_STRIP = NO;
				DEBUG_INFORMATION_FORMAT = "dwarf-with-dsym";
				ENABLE_NS_ASSERTIONS = NO;
				ENABLE_STRICT_OBJC_MSGSEND = YES;
				GCC_C_LANGUAGE_STANDARD = gnu11;
				GCC_NO_COMMON_BLOCKS = YES;
				GCC_WARN_64_TO_32_BIT_CONVERSION = YES;
				GCC_WARN_ABOUT_RETURN_TYPE = YES_ERROR;
				GCC_WARN_UNDECLARED_SELECTOR = YES;
				GCC_WARN_UNINITIALIZED_AUTOS = YES_AGGRESSIVE;
				GCC_WARN_UNUSED_FUNCTION = YES;
				GCC_WARN_UNUSED_VARIABLE = YES;
				IPHONEOS_DEPLOYMENT_TARGET = 11.4;
				MTL_ENABLE_DEBUG_INFO = NO;
				SDKROOT = iphoneos;
				SWIFT_COMPILATION_MODE = wholemodule;
				SWIFT_OPTIMIZATION_LEVEL = "-O";
				VALIDATE_PRODUCT = YES;
			};
			name = Release;
		};
		DA16174021C9D92100A76110 /* Debug */ = {
			isa = XCBuildConfiguration;
			baseConfigurationReference = 75080212A9349C673503C59C /* Pods-TestTablevIew.debug.xcconfig */;
			buildSettings = {
				ASSETCATALOG_COMPILER_APPICON_NAME = AppIcon;
				CODE_SIGN_STYLE = Automatic;
				INFOPLIST_FILE = TestTablevIew/Info.plist;
				LD_RUNPATH_SEARCH_PATHS = (
					"$(inherited)",
					"@executable_path/Frameworks",
				);
				PRODUCT_BUNDLE_IDENTIFIER = com.learn.TestTablevIew;
				PRODUCT_NAME = "$(TARGET_NAME)";
				SWIFT_VERSION = 4.0;
				TARGETED_DEVICE_FAMILY = "1,2";
			};
			name = Debug;
		};
		DA16174121C9D92100A76110 /* Release */ = {
			isa = XCBuildConfiguration;
			baseConfigurationReference = E5DE07EA3FEB66DA70F85B47 /* Pods-TestTablevIew.release.xcconfig */;
			buildSettings = {
				ASSETCATALOG_COMPILER_APPICON_NAME = AppIcon;
				CODE_SIGN_STYLE = Automatic;
				INFOPLIST_FILE = TestTablevIew/Info.plist;
				LD_RUNPATH_SEARCH_PATHS = (
					"$(inherited)",
					"@executable_path/Frameworks",
				);
				PRODUCT_BUNDLE_IDENTIFIER = com.learn.TestTablevIew;
				PRODUCT_NAME = "$(TARGET_NAME)";
				SWIFT_VERSION = 4.0;
				TARGETED_DEVICE_FAMILY = "1,2";
			};
			name = Release;
		};
/* End XCBuildConfiguration section */

/* Begin XCConfigurationList section */
		DA16172821C9D91F00A76110 /* Build configuration list for PBXProject "TestTablevIew" */ = {
			isa = XCConfigurationList;
			buildConfigurations = (
				DA16173D21C9D92100A76110 /* Debug */,
				DA16173E21C9D92100A76110 /* Release */,
			);
			defaultConfigurationIsVisible = 0;
			defaultConfigurationName = Release;
		};
		DA16173F21C9D92100A76110 /* Build configuration list for PBXNativeTarget "TestTablevIew" */ = {
			isa = XCConfigurationList;
			buildConfigurations = (
				DA16174021C9D92100A76110 /* Debug */,
				DA16174121C9D92100A76110 /* Release */,
			);
			defaultConfigurationIsVisible = 0;
			defaultConfigurationName = Release;
		};
/* End XCConfigurationList section */
	};
	rootObject = DA16172521C9D91F00A76110 /* Project object */;
}
